{
  "name": "rusubon",
  "version": "0.1.0",
  "lockfileVersion": 3,
  "requires": true,
  "packages": {
    "": {
      "name": "rusubon",
      "version": "0.1.0",
      "license": "Apache-2.0",
      "dependencies": {
        "tap-parser": "18.3.4"
      },
      "bin": {
        "rusubon": "bin/rusubon.mjs"
      },
      "engines": {
        "node": "20 || >=22"
      }
    },
    "node_modules/events-to-array": {
      "version": "2.0.3",
      "resolved": "https://registry.npmjs.org/events-to-array/-/events-to-array-2.0.3.tgz",
      "integrity": "sha512-f/qE2gImHRa4Cp2y1stEOSgw8wTFyUdVJX7G//bMwbaV9JqISFxg99NbmVQeP7YLnDUZ2un851jlaDrlpmGehQ==",
      "license": "ISC",
      "engines": {
        "node": ">=12"
      }
    },
    "node_modules/tap-parser": {
      "version": "18.3.4",
      "resolved": "https://registry.npmjs.org/tap-parser/-/tap-parser-18.3.4.tgz",
      "integrity": "sha512-CiqzdpWn2CvONcWp7UNMF9/rCPJwCz0es+qykkgJruu1Y/rAS8A5MEQujmjx9NErfst3dGiZJU3lDS2jBsgbPA==",
      "license": "BlueOak-1.0.0",
      "dependencies": {
        "events-to-array": "^2.0.3",
        "tap-yaml": "4.4.2"
      },
      "bin": {
        "tap-parser": "bin/cmd.cjs"
      },
      "engines": {
        "node": "20 || >=22"
      }
    },
    "node_modules/tap-yaml": {
      "version": "4.4.2",
      "resolved": "https://registry.npmjs.org/tap-yaml/-/tap-yaml-4.4.2.tgz",
      "integrity": "sha512-03mQI7QhfVZHJqGgFyxNTgUbgsG41ZzpWSb7k1Gangmf9hF71Jpb0Fczs7KtOdUDaHx+KxlPUdM2pQJaijebGA==",
      "license": "BlueOak-1.0.0",
      "dependencies": {
        "yaml": "^2.8.3",
        "yaml-types": "^0.4.0"
      },
      "engines": {
        "node": "20 || >=22"
      }
    },
    "node_modules/yaml": {
      "version": "2.9.0",
      "resolved": "https://registry.npmjs.org/yaml/-/yaml-2.9.0.tgz",
      "integrity": "sha512-2AvhNX3mb8zd6Zy7INTtSpl1F15HW6Wnqj0srWlkKLcpYl/gMIMJiyuGq2KeI2YFxUPjdlB+3Lc10seMLtL4cA==",
      "license": "ISC",
      "bin": {
        "yaml": "bin.mjs"
      },
      "engines": {
        "node": ">= 14.6"
      },
      "funding": {
        "url": "https://github.com/sponsors/eemeli"
      }
    },
    "node_modules/yaml-types": {
      "version": "0.4.0",
      "resolved": "https://registry.npmjs.org/yaml-types/-/yaml-types-0.4.0.tgz",
      "integrity": "sha512-XfbA30NUg4/LWUiplMbiufUiwYhgB9jvBhTWel7XQqjV+GaB79c2tROu/8/Tu7jO0HvDvnKWtBk5ksWRrhQ/0g==",
      "license": "ISC",
      "engines": {
        "node": ">= 16",
        "npm": ">= 7"
      },
      "peerDependencies": {
        "yaml": "^2.3.0"
      }
    }
  }
}
